
Microsoft Visual Studio Solution File, Format Version 12.00
# Visual Studio 15
VisualStudioVersion = 15.0.28307.572
MinimumVisualStudioVersion = 10.0.40219.1
Project("{FAE04EC0-301F-11D3-BF4B-00C04F79EFBC}") = "SampleApp48", "SampleApp48\SampleApp48.csproj", "{34D7D6BA-E1FF-4DF7-BAC7-BCC3C3DFD8B6}"
EndProject
Global
	GlobalSection(SolutionConfigurationPlatforms) = preSolution
		Debug|Any CPU = Debug|Any CPU
		Release|Any CPU = Release|Any CPU
	EndGlobalSection
	GlobalSection(ProjectConfigurationPlatforms) = postSolution
		{34D7D6BA-E1FF-4DF7-BAC7-BCC3C3DFD8B6}.Debug|Any CPU.ActiveCfg = Debug|Any CPU
		{34D7D6BA-E1FF-4DF7-BAC7-BCC3C3DFD8B6}.Debug|Any CPU.Build.0 = Debug|Any CPU
		{34D7D6BA-E1FF-4DF7-BAC7-BCC3C3DFD8B6}.Release|Any CPU.ActiveCfg = Release|Any CPU
		{34D7D6BA-E1FF-4DF7-BAC7-BCC3C3DFD8B6}.Release|Any CPU.Build.0 = Release|Any CPU
	EndGlobalSection
	GlobalSection(SolutionProperties) = preSolution
		HideSolutionNode = FALSE
	EndGlobalSection
	GlobalSection(ExtensibilityGlobals) = postSolution
		SolutionGuid = {4445F830-D417-43D1-BB54-BD534B40B9E5}
	EndGlobalSection
EndGlobal
